
Microsoft Visual Studio Solution File, Format Version 12.00
# Visual Studio 2015
Project("{FAE04EC0-301F-11D3-BF4B-00C04F79EFBC}") = "Multi2.0.CSharp.Plugins", "Multi2.0.CSharp.Plugins.csproj", "{4ACA5B2C-3AF4-E9A0-B457-82E7D7E17819}"
EndProject
Project("{FAE04EC0-301F-11D3-BF4B-00C04F79EFBC}") = "Multi2.0.CSharp", "Multi2.0.CSharp.csproj", "{00149DDA-C47B-C5C6-49BB-7A726105A929}"
EndProject
Project("{FAE04EC0-301F-11D3-BF4B-00C04F79EFBC}") = "Multi2.0.CSharp.Editor", "Multi2.0.CSharp.Editor.csproj", "{C5EDAFFF-8FD4-4A0E-71E6-B737F90D773F}"
EndProject
Global
	GlobalSection(SolutionConfigurationPlatforms) = preSolution
		Debug|Any CPU = Debug|Any CPU
		Release|Any CPU = Release|Any CPU
	EndGlobalSection
	GlobalSection(ProjectConfigurationPlatforms) = postSolution
		{4ACA5B2C-3AF4-E9A0-B457-82E7D7E17819}.Debug|Any CPU.ActiveCfg = Debug|Any CPU
		{4ACA5B2C-3AF4-E9A0-B457-82E7D7E17819}.Debug|Any CPU.Build.0 = Debug|Any CPU
		{4ACA5B2C-3AF4-E9A0-B457-82E7D7E17819}.Release|Any CPU.ActiveCfg = Release|Any CPU
		{4ACA5B2C-3AF4-E9A0-B457-82E7D7E17819}.Release|Any CPU.Build.0 = Release|Any CPU
		{00149DDA-C47B-C5C6-49BB-7A726105A929}.Debug|Any CPU.ActiveCfg = Debug|Any CPU
		{00149DDA-C47B-C5C6-49BB-7A726105A929}.Debug|Any CPU.Build.0 = Debug|Any CPU
		{00149DDA-C47B-C5C6-49BB-7A726105A929}.Release|Any CPU.ActiveCfg = Release|Any CPU
		{00149DDA-C47B-C5C6-49BB-7A726105A929}.Release|Any CPU.Build.0 = Release|Any CPU
		{C5EDAFFF-8FD4-4A0E-71E6-B737F90D773F}.Debug|Any CPU.ActiveCfg = Debug|Any CPU
		{C5EDAFFF-8FD4-4A0E-71E6-B737F90D773F}.Debug|Any CPU.Build.0 = Debug|Any CPU
		{C5EDAFFF-8FD4-4A0E-71E6-B737F90D773F}.Release|Any CPU.ActiveCfg = Release|Any CPU
		{C5EDAFFF-8FD4-4A0E-71E6-B737F90D773F}.Release|Any CPU.Build.0 = Release|Any CPU
	EndGlobalSection
	GlobalSection(SolutionProperties) = preSolution
		HideSolutionNode = FALSE
	EndGlobalSection
EndGlobal
